
Microsoft Visual Studio Solution File, Format Version 12.00
Project("{2150E333-8FDC-42A3-9474-1A3956D46DE8}") = "src", "src", "{72509961-31D8-40AA-944D-19C8EE42FB15}"
EndProject
Project("{2150E333-8FDC-42A3-9474-1A3956D46DE8}") = "Server", "Server", "{8C83B89D-0168-40DB-88AA-E2403F010E5F}"
EndProject
Project("{2150E333-8FDC-42A3-9474-1A3956D46DE8}") = "Client", "Client", "{BA40C58B-3CE3-4181-90EE-F0941CCAF34E}"
EndProject
Project("{FAE04EC0-301F-11D3-BF4B-00C04F79EFBC}") = "SignalR.Server", "src\Server\SignalR.Server\SignalR.Server.csproj", "{676F9316-F257-44B7-8995-3F3611E9627C}"
EndProject
Project("{FAE04EC0-301F-11D3-BF4B-00C04F79EFBC}") = "SignalR.Console", "src\Client\SignalR.Console\SignalR.Console.csproj", "{4D817D72-D615-40BD-B49A-24C41E2B9679}"
EndProject
Global
	GlobalSection(SolutionConfigurationPlatforms) = preSolution
		Debug|Any CPU = Debug|Any CPU
		Release|Any CPU = Release|Any CPU
	EndGlobalSection
	GlobalSection(ProjectConfigurationPlatforms) = postSolution
		{676F9316-F257-44B7-8995-3F3611E9627C}.Debug|Any CPU.ActiveCfg = Debug|Any CPU
		{676F9316-F257-44B7-8995-3F3611E9627C}.Debug|Any CPU.Build.0 = Debug|Any CPU
		{676F9316-F257-44B7-8995-3F3611E9627C}.Release|Any CPU.ActiveCfg = Release|Any CPU
		{676F9316-F257-44B7-8995-3F3611E9627C}.Release|Any CPU.Build.0 = Release|Any CPU
		{4D817D72-D615-40BD-B49A-24C41E2B9679}.Debug|Any CPU.ActiveCfg = Debug|Any CPU
		{4D817D72-D615-40BD-B49A-24C41E2B9679}.Debug|Any CPU.Build.0 = Debug|Any CPU
		{4D817D72-D615-40BD-B49A-24C41E2B9679}.Release|Any CPU.ActiveCfg = Release|Any CPU
		{4D817D72-D615-40BD-B49A-24C41E2B9679}.Release|Any CPU.Build.0 = Release|Any CPU
	EndGlobalSection
	GlobalSection(NestedProjects) = preSolution
		{8C83B89D-0168-40DB-88AA-E2403F010E5F} = {72509961-31D8-40AA-944D-19C8EE42FB15}
		{BA40C58B-3CE3-4181-90EE-F0941CCAF34E} = {72509961-31D8-40AA-944D-19C8EE42FB15}
		{676F9316-F257-44B7-8995-3F3611E9627C} = {8C83B89D-0168-40DB-88AA-E2403F010E5F}
		{4D817D72-D615-40BD-B49A-24C41E2B9679} = {BA40C58B-3CE3-4181-90EE-F0941CCAF34E}
	EndGlobalSection
EndGlobal
